
Microsoft Visual Studio Solution File, Format Version 12.00
# Visual Studio Version 16
VisualStudioVersion = 16.0.30621.155
MinimumVisualStudioVersion = 10.0.40219.1
Project("{FAE04EC0-301F-11D3-BF4B-00C04F79EFBC}") = "Avanade.EsercitazioneCloud", "Avanade.EsercitazioneCloud\Avanade.EsercitazioneCloud.csproj", "{2CDC8B5C-6489-4AF5-85F8-73932F295465}"
EndProject
Global
	GlobalSection(SolutionConfigurationPlatforms) = preSolution
		Debug|Any CPU = Debug|Any CPU
		Release|Any CPU = Release|Any CPU
	EndGlobalSection
	GlobalSection(ProjectConfigurationPlatforms) = postSolution
		{2CDC8B5C-6489-4AF5-85F8-73932F295465}.Debug|Any CPU.ActiveCfg = Debug|Any CPU
		{2CDC8B5C-6489-4AF5-85F8-73932F295465}.Debug|Any CPU.Build.0 = Debug|Any CPU
		{2CDC8B5C-6489-4AF5-85F8-73932F295465}.Release|Any CPU.ActiveCfg = Release|Any CPU
		{2CDC8B5C-6489-4AF5-85F8-73932F295465}.Release|Any CPU.Build.0 = Release|Any CPU
	EndGlobalSection
	GlobalSection(SolutionProperties) = preSolution
		HideSolutionNode = FALSE
	EndGlobalSection
	GlobalSection(ExtensibilityGlobals) = postSolution
		SolutionGuid = {02EE7236-487F-48E6-B331-22E57B5A0E3F}
	EndGlobalSection
EndGlobal
